
Microsoft Visual Studio Solution File, Format Version 12.00
# Visual Studio 15
VisualStudioVersion = 15.0.28307.1022
MinimumVisualStudioVersion = 10.0.40219.1
Project("{FAE04EC0-301F-11D3-BF4B-00C04F79EFBC}") = "DAN_XXXIV_Dejan_Prodanovic", "DAN_XXXIV_Dejan_Prodanovic\DAN_XXXIV_Dejan_Prodanovic.csproj", "{EEE6A64B-905B-4C4F-B7DE-7FEB8F26BE72}"
EndProject
Global
	GlobalSection(SolutionConfigurationPlatforms) = preSolution
		Debug|Any CPU = Debug|Any CPU
		Release|Any CPU = Release|Any CPU
	EndGlobalSection
	GlobalSection(ProjectConfigurationPlatforms) = postSolution
		{EEE6A64B-905B-4C4F-B7DE-7FEB8F26BE72}.Debug|Any CPU.ActiveCfg = Debug|Any CPU
		{EEE6A64B-905B-4C4F-B7DE-7FEB8F26BE72}.Debug|Any CPU.Build.0 = Debug|Any CPU
		{EEE6A64B-905B-4C4F-B7DE-7FEB8F26BE72}.Release|Any CPU.ActiveCfg = Release|Any CPU
		{EEE6A64B-905B-4C4F-B7DE-7FEB8F26BE72}.Release|Any CPU.Build.0 = Release|Any CPU
	EndGlobalSection
	GlobalSection(SolutionProperties) = preSolution
		HideSolutionNode = FALSE
	EndGlobalSection
	GlobalSection(ExtensibilityGlobals) = postSolution
		SolutionGuid = {648C68B5-2E9F-4314-AD32-D5EC5F774EA3}
	EndGlobalSection
EndGlobal
